
Microsoft Visual Studio Solution File, Format Version 12.00
# Visual Studio Version 17
VisualStudioVersion = 17.6.33829.357
MinimumVisualStudioVersion = 10.0.40219.1
Project("{FAE04EC0-301F-11D3-BF4B-00C04F79EFBC}") = "Gym Management System", "Gym Management System\Gym Management System.csproj", "{6A8A41DB-97A7-4C23-AE5E-0060361576CD}"
EndProject
Global
	GlobalSection(SolutionConfigurationPlatforms) = preSolution
		Debug|Any CPU = Debug|Any CPU
		Release|Any CPU = Release|Any CPU
	EndGlobalSection
	GlobalSection(ProjectConfigurationPlatforms) = postSolution
		{6A8A41DB-97A7-4C23-AE5E-0060361576CD}.Debug|Any CPU.ActiveCfg = Debug|Any CPU
		{6A8A41DB-97A7-4C23-AE5E-0060361576CD}.Debug|Any CPU.Build.0 = Debug|Any CPU
		{6A8A41DB-97A7-4C23-AE5E-0060361576CD}.Release|Any CPU.ActiveCfg = Release|Any CPU
		{6A8A41DB-97A7-4C23-AE5E-0060361576CD}.Release|Any CPU.Build.0 = Release|Any CPU
	EndGlobalSection
	GlobalSection(SolutionProperties) = preSolution
		HideSolutionNode = FALSE
	EndGlobalSection
	GlobalSection(ExtensibilityGlobals) = postSolution
		SolutionGuid = {61832B22-E32A-45CD-B8CB-71AB5076628A}
	EndGlobalSection
EndGlobal
